// !$*UTF8*$!
{
	archiveVersion = 1;
	classes = {
	};
	objectVersion = 46;
	objects = {

/* Begin PBXBuildFile section */
		DAF25E8C21B8080B009CFCA2 /* main.m in Sources */ = {isa = PBXBuildFile; fileRef = DAF25E8B21B8080B009CFCA2 /* main.m */; };
		DAF25E8F21B8080B009CFCA2 /* AppDelegate.m in Sources */ = {isa = PBXBuildFile; fileRef = DAF25E8E21B8080B009CFCA2 /* AppDelegate.m */; };
		DAF25E9221B8080B009CFCA2 /* ViewController.m in Sources */ = {isa = PBXBuildFile; fileRef = DAF25E9121B8080B009CFCA2 /* ViewController.m */; };
		DAF25E9521B8080B009CFCA2 /* Main.storyboard in Resources */ = {isa = PBXBuildFile; fileRef = DAF25E9321B8080B009CFCA2 /* Main.storyboard */; };
		DAF25E9821B8080B009CFCA2 /* Hello_World.xcdatamodeld in Sources */ = {isa = PBXBuildFile; fileRef = DAF25E9621B8080B009CFCA2 /* Hello_World.xcdatamodeld */; };
		DAF25E9A21B8080B009CFCA2 /* Assets.xcassets in Resources */ = {isa = PBXBuildFile; fileRef = DAF25E9921B8080B009CFCA2 /* Assets.xcassets */; };
		DAF25E9D21B8080B009CFCA2 /* LaunchScreen.storyboard in Resources */ = {isa = PBXBuildFile; fileRef = DAF25E9B21B8080B009CFCA2 /* LaunchScreen.storyboard */; };
/* End PBXBuildFile section */

/* Begin PBXFileReference section */
		DAF25E8721B8080B009CFCA2 /* Hello World.app */ = {isa = PBXFileReference; explicitFileType = wrapper.application; includeInIndex = 0; path = "Hello World.app"; sourceTree = BUILT_PRODUCTS_DIR; };
		DAF25E8B21B8080B009CFCA2 /* main.m */ = {isa = PBXFileReference; lastKnownFileType = sourcecode.c.objc; path = main.m; sourceTree = "<group>"; };
		DAF25E8D21B8080B009CFCA2 /* AppDelegate.h */ = {isa = PBXFileReference; lastKnownFileType = sourcecode.c.h; path = AppDelegate.h; sourceTree = "<group>"; };
		DAF25E8E21B8080B009CFCA2 /* AppDelegate.m */ = {isa = PBXFileReference; lastKnownFileType = sourcecode.c.objc; path = AppDelegate.m; sourceTree = "<group>"; };
		DAF25E9021B8080B009CFCA2 /* ViewController.h */ = {isa = PBXFileReference; lastKnownFileType = sourcecode.c.h; path = ViewController.h; sourceTree = "<group>"; };
		DAF25E9121B8080B009CFCA2 /* ViewController.m */ = {isa = PBXFileReference; lastKnownFileType = sourcecode.c.objc; path = ViewController.m; sourceTree = "<group>"; };
		DAF25E9421B8080B009CFCA2 /* Base */ = {isa = PBXFileReference; lastKnownFileType = file.storyboard; name = Base; path = Base.lproj/Main.storyboard; sourceTree = "<group>"; };
		DAF25E9721B8080B009CFCA2 /* Hello_World.xcdatamodel */ = {isa = PBXFileReference; lastKnownFileType = wrapper.xcdatamodel; path = Hello_World.xcdatamodel; sourceTree = "<group>"; };
		DAF25E9921B8080B009CFCA2 /* Assets.xcassets */ = {isa = PBXFileReference; lastKnownFileType = folder.assetcatalog; path = Assets.xcassets; sourceTree = "<group>"; };
		DAF25E9C21B8080B009CFCA2 /* Base */ = {isa = PBXFileReference; lastKnownFileType = file.storyboard; name = Base; path = Base.lproj/LaunchScreen.storyboard; sourceTree = "<group>"; };
		DAF25E9E21B8080B009CFCA2 /* Info.plist */ = {isa = PBXFileReference; lastKnownFileType = text.plist.xml; path = Info.plist; sourceTree = "<group>"; };
/* End PBXFileReference section */

/* Begin PBXFrameworksBuildPhase section */
		DAF25E8421B8080B009CFCA2 /* Frameworks */ = {
			isa = PBXFrameworksBuildPhase;
			buildActionMask = 2147483647;
			files = (
			);
			runOnlyForDeploymentPostprocessing = 0;
		};
/* End PBXFrameworksBuildPhase section */

/* Begin PBXGroup section */
		DAF25E7E21B8080B009CFCA2 = {
			isa = PBXGroup;
			children = (
				DAF25E8921B8080B009CFCA2 /* Hello World */,
				DAF25E8821B8080B009CFCA2 /* Products */,
			);
			sourceTree = "<group>";
		};
		DAF25E8821B8080B009CFCA2 /* Products */ = {
			isa = PBXGroup;
			children = (
				DAF25E8721B8080B009CFCA2 /* Hello World.app */,
			);
			name = Products;
			sourceTree = "<group>";
		};
		DAF25E8921B8080B009CFCA2 /* Hello World */ = {
			isa = PBXGroup;
			children = (
				DAF25E8D21B8080B009CFCA2 /* AppDelegate.h */,
				DAF25E8E21B8080B009CFCA2 /* AppDelegate.m */,
				DAF25E9021B8080B009CFCA2 /* ViewController.h */,
				DAF25E9121B8080B009CFCA2 /* ViewController.m */,
				DAF25E9321B8080B009CFCA2 /* Main.storyboard */,
				DAF25E9921B8080B009CFCA2 /* Assets.xcassets */,
				DAF25E9B21B8080B009CFCA2 /* LaunchScreen.storyboard */,
				DAF25E9E21B8080B009CFCA2 /* Info.plist */,
				DAF25E9621B8080B009CFCA2 /* Hello_World.xcdatamodeld */,
				DAF25E8A21B8080B009CFCA2 /* Supporting Files */,
			);
			path = "Hello World";
			sourceTree = "<group>";
		};
		DAF25E8A21B8080B009CFCA2 /* Supporting Files */ = {
			isa = PBXGroup;
			children = (
				DAF25E8B21B8080B009CFCA2 /* main.m */,
			);
			name = "Supporting Files";
			sourceTree = "<group>";
		};
/* End PBXGroup section */

/* Begin PBXNativeTarget section */
		DAF25E8621B8080B009CFCA2 /* Hello World */ = {
			isa = PBXNativeTarget;
			buildConfigurationList = DAF25EA121B8080B009CFCA2 /* Build configuration list for PBXNativeTarget "Hello World" */;
			buildPhases = (
				DAF25E8321B8080B009CFCA2 /* Sources */,
				DAF25E8421B8080B009CFCA2 /* Frameworks */,
				DAF25E8521B8080B009CFCA2 /* Resources */,
			);
			buildRules = (
			);
			dependencies = (
			);
			name = "Hello World";
			productName = "Hello World";
			productReference = DAF25E8721B8080B009CFCA2 /* Hello World.app */;
			productType = "com.apple.product-type.application";
		};
/* End PBXNativeTarget section */

/* Begin PBXProject section */
		DAF25E7F21B8080B009CFCA2 /* Project object */ = {
			isa = PBXProject;
			attributes = {
				LastUpgradeCheck = 0830;
				ORGANIZATIONNAME = Dingzhijian;
				TargetAttributes = {
					DAF25E8621B8080B009CFCA2 = {
						CreatedOnToolsVersion = 8.3.3;
						ProvisioningStyle = Automatic;
					};
				};
			};
			buildConfigurationList = DAF25E8221B8080B009CFCA2 /* Build configuration list for PBXProject "Hello World" */;
			compatibilityVersion = "Xcode 3.2";
			developmentRegion = English;
			hasScannedForEncodings = 0;
			knownRegions = (
				en,
				Base,
			);
			mainGroup = DAF25E7E21B8080B009CFCA2;
			productRefGroup = DAF25E8821B8080B009CFCA2 /* Products */;
			projectDirPath = "";
			projectRoot = "";
			targets = (
				DAF25E8621B8080B009CFCA2 /* Hello World */,
			);
		};
/* End PBXProject section */

/* Begin PBXResourcesBuildPhase section */
		DAF25E8521B8080B009CFCA2 /* Resources */ = {
			isa = PBXResourcesBuildPhase;
			buildActionMask = 2147483647;
			files = (
				DAF25E9D21B8080B009CFCA2 /* LaunchScreen.storyboard in Resources */,
				DAF25E9A21B8080B009CFCA2 /* Assets.xcassets in Resources */,
				DAF25E9521B8080B009CFCA2 /* Main.storyboard in Resources */,
			);
			runOnlyForDeploymentPostprocessing = 0;
		};
/* End PBXResourcesBuildPhase section */

/* Begin PBXSourcesBuildPhase section */
		DAF25E8321B8080B009CFCA2 /* Sources */ = {
			isa = PBXSourcesBuildPhase;
			buildActionMask = 2147483647;
			files = (
				DAF25E9221B8080B009CFCA2 /* ViewController.m in Sources */,
				DAF25E8F21B8080B009CFCA2 /* AppDelegate.m in Sources */,
				DAF25E8C21B8080B009CFCA2 /* main.m in Sources */,
				DAF25E9821B8080B009CFCA2 /* Hello_World.xcdatamodeld in Sources */,
			);
			runOnlyForDeploymentPostprocessing = 0;
		};
/* End PBXSourcesBuildPhase section */

/* Begin PBXVariantGroup section */
		DAF25E9321B8080B009CFCA2 /* Main.storyboard */ = {
			isa = PBXVariantGroup;
			children = (
				DAF25E9421B8080B009CFCA2 /* Base */,
			);
			name = Main.storyboard;
			sourceTree = "<group>";
		};
		DAF25E9B21B8080B009CFCA2 /* LaunchScreen.storyboard */ = {
			isa = PBXVariantGroup;
			children = (
				DAF25E9C21B8080B009CFCA2 /* Base */,
			);
			name = LaunchScreen.storyboard;
			sourceTree = "<group>";
		};
/* End PBXVariantGroup section */

/* Begin XCBuildConfiguration section */
		DAF25E9F21B8080B009CFCA2 /* Debug */ = {
			isa = XCBuildConfiguration;
			buildSettings = {
				ALWAYS_SEARCH_USER_PATHS = NO;
				CLANG_ANALYZER_NONNULL = YES;
				CLANG_ANALYZER_NUMBER_OBJECT_CONVERSION = YES_AGGRESSIVE;
				CLANG_CXX_LANGUAGE_STANDARD = "gnu++0x";
				CLANG_CXX_LIBRARY = "libc++";
				CLANG_ENABLE_MODULES = YES;
				CLANG_ENABLE_OBJC_ARC = YES;
				CLANG_WARN_BOOL_CONVERSION = YES;
				CLANG_WARN_CONSTANT_CONVERSION = YES;
				CLANG_WARN_DIRECT_OBJC_ISA_USAGE = YES_ERROR;
				CLANG_WARN_DOCUMENTATION_COMMENTS = YES;
				CLANG_WARN_EMPTY_BODY = YES;
				CLANG_WARN_ENUM_CONVERSION = YES;
				CLANG_WARN_INFINITE_RECURSION = YES;
				CLANG_WARN_INT_CONVERSION = YES;
				CLANG_WARN_OBJC_ROOT_CLASS = YES_ERROR;
				CLANG_WARN_SUSPICIOUS_MOVE = YES;
				CLANG_WARN_UNREACHABLE_CODE = YES;
				CLANG_WARN__DUPLICATE_METHOD_MATCH = YES;
				"CODE_SIGN_IDENTITY[sdk=iphoneos*]" = "iPhone Developer";
				COPY_PHASE_STRIP = NO;
				DEBUG_INFORMATION_FORMAT = dwarf;
				ENABLE_STRICT_OBJC_MSGSEND = YES;
				ENABLE_TESTABILITY = YES;
				GCC_C_LANGUAGE_STANDARD = gnu99;
				GCC_DYNAMIC_NO_PIC = NO;
				GCC_NO_COMMON_BLOCKS = YES;
				GCC_OPTIMIZATION_LEVEL = 0;
				GCC_PREPROCESSOR_DEFINITIONS = (
					"DEBUG=1",
					"$(inherited)",
				);
				GCC_WARN_64_TO_32_BIT_CONVERSION = YES;
				GCC_WARN_ABOUT_RETURN_TYPE = YES_ERROR;
				GCC_WARN_UNDECLARED_SELECTOR = YES;
				GCC_WARN_UNINITIALIZED_AUTOS = YES_AGGRESSIVE;
				GCC_WARN_UNUSED_FUNCTION = YES;
				GCC_WARN_UNUSED_VARIABLE = YES;
				IPHONEOS_DEPLOYMENT_TARGET = 10.3;
				MTL_ENABLE_DEBUG_INFO = YES;
				ONLY_ACTIVE_ARCH = YES;
				SDKROOT = iphoneos;
			};
			name = Debug;
		};
		DAF25EA021B8080B009CFCA2 /* Release */ = {
			isa = XCBuildConfiguration;
			buildSettings = {
				ALWAYS_SEARCH_USER_PATHS = NO;
				CLANG_ANALYZER_NONNULL = YES;
				CLANG_ANALYZER_NUMBER_OBJECT_CONVERSION = YES_AGGRESSIVE;
				CLANG_CXX_LANGUAGE_STANDARD = "gnu++0x";
				CLANG_CXX_LIBRARY = "libc++";
				CLANG_ENABLE_MODULES = YES;
				CLANG_ENABLE_OBJC_ARC = YES;
				CLANG_WARN_BOOL_CONVERSION = YES;
				CLANG_WARN_CONSTANT_CONVERSION = YES;
				CLANG_WARN_DIRECT_OBJC_ISA_USAGE = YES_ERROR;
				CLANG_WARN_DOCUMENTATION_COMMENTS = YES;
				CLANG_WARN_EMPTY_BODY = YES;
				CLANG_WARN_ENUM_CONVERSION = YES;
				CLANG_WARN_INFINITE_RECURSION = YES;
				CLANG_WARN_INT_CONVERSION = YES;
				CLANG_WARN_OBJC_ROOT_CLASS = YES_ERROR;
				CLANG_WARN_SUSPICIOUS_MOVE = YES;
				CLANG_WARN_UNREACHABLE_CODE = YES;
				CLANG_WARN__DUPLICATE_METHOD_MATCH = YES;
				"CODE_SIGN_IDENTITY[sdk=iphoneos*]" = "iPhone Developer";
				COPY_PHASE_STRIP = NO;
				DEBUG_INFORMATION_FORMAT = "dwarf-with-dsym";
				ENABLE_NS_ASSERTIONS = NO;
				ENABLE_STRICT_OBJC_MSGSEND = YES;
				GCC_C_LANGUAGE_STANDARD = gnu99;
				GCC_NO_COMMON_BLOCKS = YES;
				GCC_WARN_64_TO_32_BIT_CONVERSION = YES;
				GCC_WARN_ABOUT_RETURN_TYPE = YES_ERROR;
				GCC_WARN_UNDECLARED_SELECTOR = YES;
				GCC_WARN_UNINITIALIZED_AUTOS = YES_AGGRESSIVE;
				GCC_WARN_UNUSED_FUNCTION = YES;
				GCC_WARN_UNUSED_VARIABLE = YES;
				IPHONEOS_DEPLOYMENT_TARGET = 10.3;
				MTL_ENABLE_DEBUG_INFO = NO;
				SDKROOT = iphoneos;
				VALIDATE_PRODUCT = YES;
			};
			name = Release;
		};
		DAF25EA221B8080B009CFCA2 /* Debug */ = {
			isa = XCBuildConfiguration;
			buildSettings = {
				ASSETCATALOG_COMPILER_APPICON_NAME = AppIcon;
				INFOPLIST_FILE = "Hello World/Info.plist";
				LD_RUNPATH_SEARCH_PATHS = "$(inherited) @executable_path/Frameworks";
				PRODUCT_BUNDLE_IDENTIFIER = "com.xietong.www.Hello-World";
				PRODUCT_NAME = "$(TARGET_NAME)";
			};
			name = Debug;
		};
		DAF25EA321B8080B009CFCA2 /* Release */ = {
			isa = XCBuildConfiguration;
			buildSettings = {
				ASSETCATALOG_COMPILER_APPICON_NAME = AppIcon;
				INFOPLIST_FILE = "Hello World/Info.plist";
				LD_RUNPATH_SEARCH_PATHS = "$(inherited) @executable_path/Frameworks";
				PRODUCT_BUNDLE_IDENTIFIER = "com.xietong.www.Hello-World";
				PRODUCT_NAME = "$(TARGET_NAME)";
			};
			name = Release;
		};
/* End XCBuildConfiguration section */

/* Begin XCConfigurationList section */
		DAF25E8221B8080B009CFCA2 /* Build configuration list for PBXProject "Hello World" */ = {
			isa = XCConfigurationList;
			buildConfigurations = (
				DAF25E9F21B8080B009CFCA2 /* Debug */,
				DAF25EA021B8080B009CFCA2 /* Release */,
			);
			defaultConfigurationIsVisible = 0;
			defaultConfigurationName = Release;
		};
		DAF25EA121B8080B009CFCA2 /* Build configuration list for PBXNativeTarget "Hello World" */ = {
			isa = XCConfigurationList;
			buildConfigurations = (
				DAF25EA221B8080B009CFCA2 /* Debug */,
				DAF25EA321B8080B009CFCA2 /* Release */,
			);
			defaultConfigurationIsVisible = 0;
		};
/* End XCConfigurationList section */

/* Begin XCVersionGroup section */
		DAF25E9621B8080B009CFCA2 /* Hello_World.xcdatamodeld */ = {
			isa = XCVersionGroup;
			children = (
				DAF25E9721B8080B009CFCA2 /* Hello_World.xcdatamodel */,
			);
			currentVersion = DAF25E9721B8080B009CFCA2 /* Hello_World.xcdatamodel */;
			path = Hello_World.xcdatamodeld;
			sourceTree = "<group>";
			versionGroupType = wrapper.xcdatamodel;
		};
/* End XCVersionGroup section */
	};
	rootObject = DAF25E7F21B8080B009CFCA2 /* Project object */;
}
